Microsoft Visual Studio Solution File, Format Version 12.00
# Visual Studio 16
Project("{8BC9CEB8-8B4A-11D0-8D11-00A0C91BC942}") = "ALL_BUILD", "ALL_BUILD.vcxproj", "{E658D669-2707-33F8-A7CC-3D3024F5B9A0}"
	ProjectSection(ProjectDependencies) = postProject
		{01718F1C-17D2-3DDC-A4D0-3924EA0AB4B3} = {01718F1C-17D2-3DDC-A4D0-3924EA0AB4B3}
		{AA675AD3-4007-3290-8EE1-EB8E09B8E6E5} = {AA675AD3-4007-3290-8EE1-EB8E09B8E6E5}
	EndProjectSection
EndProject
Project("{8BC9CEB8-8B4A-11D0-8D11-00A0C91BC942}") = "ZERO_CHECK", "ZERO_CHECK.vcxproj", "{01718F1C-17D2-3DDC-A4D0-3924EA0AB4B3}"
	ProjectSection(ProjectDependencies) = postProject
	EndProjectSection
EndProject
Project("{8BC9CEB8-8B4A-11D0-8D11-00A0C91BC942}") = "cmake_testapp", "cmake_testapp.vcxproj", "{AA675AD3-4007-3290-8EE1-EB8E09B8E6E5}"
	ProjectSection(ProjectDependencies) = postProject
		{01718F1C-17D2-3DDC-A4D0-3924EA0AB4B3} = {01718F1C-17D2-3DDC-A4D0-3924EA0AB4B3}
	EndProjectSection
EndProject
Global
	GlobalSection(SolutionConfigurationPlatforms) = preSolution
		Debug|x64 = Debug|x64
		Release|x64 = Release|x64
		MinSizeRel|x64 = MinSizeRel|x64
		RelWithDebInfo|x64 = RelWithDebInfo|x64
	EndGlobalSection
	GlobalSection(ProjectConfigurationPlatforms) = postSolution
		{E658D669-2707-33F8-A7CC-3D3024F5B9A0}.Debug|x64.ActiveCfg = Debug|x64
		{E658D669-2707-33F8-A7CC-3D3024F5B9A0}.Release|x64.ActiveCfg = Release|x64
		{E658D669-2707-33F8-A7CC-3D3024F5B9A0}.MinSizeRel|x64.ActiveCfg = MinSizeRel|x64
		{E658D669-2707-33F8-A7CC-3D3024F5B9A0}.RelWithDebInfo|x64.ActiveCfg = RelWithDebInfo|x64
		{01718F1C-17D2-3DDC-A4D0-3924EA0AB4B3}.Debug|x64.ActiveCfg = Debug|x64
		{01718F1C-17D2-3DDC-A4D0-3924EA0AB4B3}.Debug|x64.Build.0 = Debug|x64
		{01718F1C-17D2-3DDC-A4D0-3924EA0AB4B3}.Release|x64.ActiveCfg = Release|x64
		{01718F1C-17D2-3DDC-A4D0-3924EA0AB4B3}.Release|x64.Build.0 = Release|x64
		{01718F1C-17D2-3DDC-A4D0-3924EA0AB4B3}.MinSizeRel|x64.ActiveCfg = MinSizeRel|x64
		{01718F1C-17D2-3DDC-A4D0-3924EA0AB4B3}.MinSizeRel|x64.Build.0 = MinSizeRel|x64
		{01718F1C-17D2-3DDC-A4D0-3924EA0AB4B3}.RelWithDebInfo|x64.ActiveCfg = RelWithDebInfo|x64
		{01718F1C-17D2-3DDC-A4D0-3924EA0AB4B3}.RelWithDebInfo|x64.Build.0 = RelWithDebInfo|x64
		{AA675AD3-4007-3290-8EE1-EB8E09B8E6E5}.Debug|x64.ActiveCfg = Debug|x64
		{AA675AD3-4007-3290-8EE1-EB8E09B8E6E5}.Debug|x64.Build.0 = Debug|x64
		{AA675AD3-4007-3290-8EE1-EB8E09B8E6E5}.Release|x64.ActiveCfg = Release|x64
		{AA675AD3-4007-3290-8EE1-EB8E09B8E6E5}.Release|x64.Build.0 = Release|x64
		{AA675AD3-4007-3290-8EE1-EB8E09B8E6E5}.MinSizeRel|x64.ActiveCfg = MinSizeRel|x64
		{AA675AD3-4007-3290-8EE1-EB8E09B8E6E5}.MinSizeRel|x64.Build.0 = MinSizeRel|x64
		{AA675AD3-4007-3290-8EE1-EB8E09B8E6E5}.RelWithDebInfo|x64.ActiveCfg = RelWithDebInfo|x64
		{AA675AD3-4007-3290-8EE1-EB8E09B8E6E5}.RelWithDebInfo|x64.Build.0 = RelWithDebInfo|x64
	EndGlobalSection
	GlobalSection(ExtensibilityGlobals) = postSolution
		SolutionGuid = {AA299C62-C0B5-34A1-9CE6-B30D2E5D5374}
	EndGlobalSection
	GlobalSection(ExtensibilityAddIns) = postSolution
	EndGlobalSection
EndGlobal
