<?xml version="1.0" encoding="utf-8"?>
<Project ToolsVersion="16.0" xmlns="http://schemas.microsoft.com/developer/msbuild/2003">
  <ItemGroup>
    <CustomBuild Include="C:\Users\onsons\Documents\GitHub\TestOrgSSOWorld\testRepo\CMakeFiles\791c811f3e89b906188487da9b3ecdb7\generate.stamp.rule">
      <Filter>CMake Rules</Filter>
    </CustomBuild>
  </ItemGroup>
  <ItemGroup>
    <Filter Include="CMake Rules">
      <UniqueIdentifier>{7D87BF5D-576E-3081-AAE7-DE67F31346F6}</UniqueIdentifier>
    </Filter>
  </ItemGroup>
</Project>
